
Microsoft Visual Studio Solution File, Format Version 12.00
# Visual Studio 15
VisualStudioVersion = 15.0.28307.136
MinimumVisualStudioVersion = 10.0.40219.1
Project("{FAE04EC0-301F-11D3-BF4B-00C04F79EFBC}") = "TestASPdotNETwebApp", "TestASPdotNETwebApp\TestASPdotNETwebApp.csproj", "{CFEAAA29-1ABF-46D8-98BD-F34C72E229ED}"
EndProject
Global
	GlobalSection(SolutionConfigurationPlatforms) = preSolution
		Debug|Any CPU = Debug|Any CPU
		Release|Any CPU = Release|Any CPU
	EndGlobalSection
	GlobalSection(ProjectConfigurationPlatforms) = postSolution
		{CFEAAA29-1ABF-46D8-98BD-F34C72E229ED}.Debug|Any CPU.ActiveCfg = Debug|Any CPU
		{CFEAAA29-1ABF-46D8-98BD-F34C72E229ED}.Debug|Any CPU.Build.0 = Debug|Any CPU
		{CFEAAA29-1ABF-46D8-98BD-F34C72E229ED}.Release|Any CPU.ActiveCfg = Release|Any CPU
		{CFEAAA29-1ABF-46D8-98BD-F34C72E229ED}.Release|Any CPU.Build.0 = Release|Any CPU
	EndGlobalSection
	GlobalSection(SolutionProperties) = preSolution
		HideSolutionNode = FALSE
	EndGlobalSection
	GlobalSection(ExtensibilityGlobals) = postSolution
		SolutionGuid = {30C99FA6-DE2E-4947-BDA3-6B2ECF5C6F56}
	EndGlobalSection
EndGlobal
